
Microsoft Visual Studio Solution File, Format Version 12.00
# Visual Studio Version 17
VisualStudioVersion = 17.11.35327.3
MinimumVisualStudioVersion = 10.0.40219.1
Project("{FAE04EC0-301F-11D3-BF4B-00C04F79EFBC}") = "DumitriuConstantinLab7", "DumitriuConstantinLab7.csproj", "{FD53CBC1-F872-4225-9990-994B4D651CD7}"
EndProject
Global
	GlobalSection(SolutionConfigurationPlatforms) = preSolution
		Debug|Any CPU = Debug|Any CPU
		Release|Any CPU = Release|Any CPU
	EndGlobalSection
	GlobalSection(ProjectConfigurationPlatforms) = postSolution
		{FD53CBC1-F872-4225-9990-994B4D651CD7}.Debug|Any CPU.ActiveCfg = Debug|Any CPU
		{FD53CBC1-F872-4225-9990-994B4D651CD7}.Debug|Any CPU.Build.0 = Debug|Any CPU
		{FD53CBC1-F872-4225-9990-994B4D651CD7}.Debug|Any CPU.Deploy.0 = Debug|Any CPU
		{FD53CBC1-F872-4225-9990-994B4D651CD7}.Release|Any CPU.ActiveCfg = Release|Any CPU
		{FD53CBC1-F872-4225-9990-994B4D651CD7}.Release|Any CPU.Build.0 = Release|Any CPU
		{FD53CBC1-F872-4225-9990-994B4D651CD7}.Release|Any CPU.Deploy.0 = Release|Any CPU
	EndGlobalSection
	GlobalSection(SolutionProperties) = preSolution
		HideSolutionNode = FALSE
	EndGlobalSection
	GlobalSection(ExtensibilityGlobals) = postSolution
		SolutionGuid = {6AB839C7-DE11-446A-96EC-5DAAF5460E8E}
	EndGlobalSection
EndGlobal
